{
    "name": "zeco-theme",
    "version": "0.0.2",
    "lockfileVersion": 3,
    "requires": true,
    "packages": {
        "": {
            "name": "zeco-theme",
            "version": "0.0.2",
            "license": "SEE LICENSE IN LICENSE",
            "engines": {
                "vscode": "^1.80.0"
            }
        }
    }
}
